// !$*UTF8*$!
{
	archiveVersion = 1;
	classes = {
	};
	objectVersion = 46;
	objects = {

/* Begin PBXBuildFile section */
		84D4BBA517D9D37C008D6A99 /* Cocoa.framework in Frameworks */ = {isa = PBXBuildFile; fileRef = 84D4BBA417D9D37C008D6A99 /* Cocoa.framework */; };
		84D4BBC317D9D3C5008D6A99 /* NSString+Inflections.h in Headers */ = {isa = PBXBuildFile; fileRef = 84D4BBB517D9D3C5008D6A99 /* NSString+Inflections.h */; };
		84D4BBC417D9D3C5008D6A99 /* NSString+Inflections.m in Sources */ = {isa = PBXBuildFile; fileRef = 84D4BBB617D9D3C5008D6A99 /* NSString+Inflections.m */; settings = {COMPILER_FLAGS = "-fno-objc-arc"; }; };
		84D4BBC517D9D3C5008D6A99 /* RegexKitLite.h in Headers */ = {isa = PBXBuildFile; fileRef = 84D4BBB717D9D3C5008D6A99 /* RegexKitLite.h */; };
		84D4BBC617D9D3C5008D6A99 /* RegexKitLite.m in Sources */ = {isa = PBXBuildFile; fileRef = 84D4BBB817D9D3C5008D6A99 /* RegexKitLite.m */; settings = {COMPILER_FLAGS = "-fno-objc-arc"; }; };
		84D4BBC717D9D3C5008D6A99 /* SQCDColumnInfo.h in Headers */ = {isa = PBXBuildFile; fileRef = 84D4BBB917D9D3C5008D6A99 /* SQCDColumnInfo.h */; };
		84D4BBC817D9D3C5008D6A99 /* SQCDColumnInfo.m in Sources */ = {isa = PBXBuildFile; fileRef = 84D4BBBA17D9D3C5008D6A99 /* SQCDColumnInfo.m */; };
		84D4BBC917D9D3C5008D6A99 /* SQCDDatabaseHelper.h in Headers */ = {isa = PBXBuildFile; fileRef = 84D4BBBB17D9D3C5008D6A99 /* SQCDDatabaseHelper.h */; };
		84D4BBCA17D9D3C5008D6A99 /* SQCDDatabaseHelper.m in Sources */ = {isa = PBXBuildFile; fileRef = 84D4BBBC17D9D3C5008D6A99 /* SQCDDatabaseHelper.m */; };
		84D4BBCB17D9D3C5008D6A99 /* SQCDForeignKeyInfo.h in Headers */ = {isa = PBXBuildFile; fileRef = 84D4BBBD17D9D3C5008D6A99 /* SQCDForeignKeyInfo.h */; };
		84D4BBCC17D9D3C5008D6A99 /* SQCDForeignKeyInfo.m in Sources */ = {isa = PBXBuildFile; fileRef = 84D4BBBE17D9D3C5008D6A99 /* SQCDForeignKeyInfo.m */; };
		84D4BBCD17D9D3C5008D6A99 /* SQCDTableInfo.h in Headers */ = {isa = PBXBuildFile; fileRef = 84D4BBBF17D9D3C5008D6A99 /* SQCDTableInfo.h */; };
		84D4BBCE17D9D3C5008D6A99 /* SQCDTableInfo.m in Sources */ = {isa = PBXBuildFile; fileRef = 84D4BBC017D9D3C5008D6A99 /* SQCDTableInfo.m */; };
		84D4BBCF17D9D3C5008D6A99 /* SQCDTypeMapper.h in Headers */ = {isa = PBXBuildFile; fileRef = 84D4BBC117D9D3C5008D6A99 /* SQCDTypeMapper.h */; };
		84D4BBD017D9D3C5008D6A99 /* SQCDTypeMapper.m in Sources */ = {isa = PBXBuildFile; fileRef = 84D4BBC217D9D3C5008D6A99 /* SQCDTypeMapper.m */; };
		84D4BBE817D9D625008D6A99 /* SqliteExtractor.h in Headers */ = {isa = PBXBuildFile; fileRef = 84D4BBE617D9D625008D6A99 /* SqliteExtractor.h */; settings = {ATTRIBUTES = (Public, ); }; };
/* End PBXBuildFile section */

/* Begin PBXFileReference section */
		84D4BBA117D9D37C008D6A99 /* libSqliteExtractor.a */ = {isa = PBXFileReference; explicitFileType = archive.ar; includeInIndex = 0; path = libSqliteExtractor.a; sourceTree = BUILT_PRODUCTS_DIR; };
		84D4BBA417D9D37C008D6A99 /* Cocoa.framework */ = {isa = PBXFileReference; lastKnownFileType = wrapper.framework; name = Cocoa.framework; path = System/Library/Frameworks/Cocoa.framework; sourceTree = SDKROOT; };
		84D4BBA717D9D37C008D6A99 /* AppKit.framework */ = {isa = PBXFileReference; lastKnownFileType = wrapper.framework; name = AppKit.framework; path = System/Library/Frameworks/AppKit.framework; sourceTree = SDKROOT; };
		84D4BBA817D9D37C008D6A99 /* CoreData.framework */ = {isa = PBXFileReference; lastKnownFileType = wrapper.framework; name = CoreData.framework; path = System/Library/Frameworks/CoreData.framework; sourceTree = SDKROOT; };
		84D4BBA917D9D37C008D6A99 /* Foundation.framework */ = {isa = PBXFileReference; lastKnownFileType = wrapper.framework; name = Foundation.framework; path = System/Library/Frameworks/Foundation.framework; sourceTree = SDKROOT; };
		84D4BBAC17D9D37C008D6A99 /* SqliteExtractor-Prefix.pch */ = {isa = PBXFileReference; lastKnownFileType = sourcecode.c.h; path = "SqliteExtractor-Prefix.pch"; sourceTree = "<group>"; };
		84D4BBB517D9D3C5008D6A99 /* NSString+Inflections.h */ = {isa = PBXFileReference; fileEncoding = 4; lastKnownFileType = sourcecode.c.h; path = "NSString+Inflections.h"; sourceTree = "<group>"; };
		84D4BBB617D9D3C5008D6A99 /* NSString+Inflections.m */ = {isa = PBXFileReference; fileEncoding = 4; lastKnownFileType = sourcecode.c.objc; path = "NSString+Inflections.m"; sourceTree = "<group>"; };
		84D4BBB717D9D3C5008D6A99 /* RegexKitLite.h */ = {isa = PBXFileReference; fileEncoding = 4; lastKnownFileType = sourcecode.c.h; path = RegexKitLite.h; sourceTree = "<group>"; };
		84D4BBB817D9D3C5008D6A99 /* RegexKitLite.m */ = {isa = PBXFileReference; fileEncoding = 4; lastKnownFileType = sourcecode.c.objc; path = RegexKitLite.m; sourceTree = "<group>"; };
		84D4BBB917D9D3C5008D6A99 /* SQCDColumnInfo.h */ = {isa = PBXFileReference; fileEncoding = 4; lastKnownFileType = sourcecode.c.h; path = SQCDColumnInfo.h; sourceTree = "<group>"; };
		84D4BBBA17D9D3C5008D6A99 /* SQCDColumnInfo.m */ = {isa = PBXFileReference; fileEncoding = 4; lastKnownFileType = sourcecode.c.objc; path = SQCDColumnInfo.m; sourceTree = "<group>"; };
		84D4BBBB17D9D3C5008D6A99 /* SQCDDatabaseHelper.h */ = {isa = PBXFileReference; fileEncoding = 4; lastKnownFileType = sourcecode.c.h; path = SQCDDatabaseHelper.h; sourceTree = "<group>"; };
		84D4BBBC17D9D3C5008D6A99 /* SQCDDatabaseHelper.m */ = {isa = PBXFileReference; fileEncoding = 4; lastKnownFileType = sourcecode.c.objc; path = SQCDDatabaseHelper.m; sourceTree = "<group>"; };
		84D4BBBD17D9D3C5008D6A99 /* SQCDForeignKeyInfo.h */ = {isa = PBXFileReference; fileEncoding = 4; lastKnownFileType = sourcecode.c.h; path = SQCDForeignKeyInfo.h; sourceTree = "<group>"; };
		84D4BBBE17D9D3C5008D6A99 /* SQCDForeignKeyInfo.m */ = {isa = PBXFileReference; fileEncoding = 4; lastKnownFileType = sourcecode.c.objc; path = SQCDForeignKeyInfo.m; sourceTree = "<group>"; };
		84D4BBBF17D9D3C5008D6A99 /* SQCDTableInfo.h */ = {isa = PBXFileReference; fileEncoding = 4; lastKnownFileType = sourcecode.c.h; path = SQCDTableInfo.h; sourceTree = "<group>"; };
		84D4BBC017D9D3C5008D6A99 /* SQCDTableInfo.m */ = {isa = PBXFileReference; fileEncoding = 4; lastKnownFileType = sourcecode.c.objc; path = SQCDTableInfo.m; sourceTree = "<group>"; };
		84D4BBC117D9D3C5008D6A99 /* SQCDTypeMapper.h */ = {isa = PBXFileReference; fileEncoding = 4; lastKnownFileType = sourcecode.c.h; path = SQCDTypeMapper.h; sourceTree = "<group>"; };
		84D4BBC217D9D3C5008D6A99 /* SQCDTypeMapper.m */ = {isa = PBXFileReference; fileEncoding = 4; lastKnownFileType = sourcecode.c.objc; path = SQCDTypeMapper.m; sourceTree = "<group>"; };
		84D4BBE617D9D625008D6A99 /* SqliteExtractor.h */ = {isa = PBXFileReference; fileEncoding = 4; lastKnownFileType = sourcecode.c.h; path = SqliteExtractor.h; sourceTree = "<group>"; };
/* End PBXFileReference section */

/* Begin PBXFrameworksBuildPhase section */
		84D4BB9E17D9D37C008D6A99 /* Frameworks */ = {
			isa = PBXFrameworksBuildPhase;
			buildActionMask = 2147483647;
			files = (
				84D4BBA517D9D37C008D6A99 /* Cocoa.framework in Frameworks */,
			);
			runOnlyForDeploymentPostprocessing = 0;
		};
/* End PBXFrameworksBuildPhase section */

/* Begin PBXGroup section */
		84D4BB9817D9D37C008D6A99 = {
			isa = PBXGroup;
			children = (
				84D4BBAA17D9D37C008D6A99 /* SqliteExtractor */,
				84D4BBA317D9D37C008D6A99 /* Frameworks */,
				84D4BBA217D9D37C008D6A99 /* Products */,
			);
			sourceTree = "<group>";
		};
		84D4BBA217D9D37C008D6A99 /* Products */ = {
			isa = PBXGroup;
			children = (
				84D4BBA117D9D37C008D6A99 /* libSqliteExtractor.a */,
			);
			name = Products;
			sourceTree = "<group>";
		};
		84D4BBA317D9D37C008D6A99 /* Frameworks */ = {
			isa = PBXGroup;
			children = (
				84D4BBA417D9D37C008D6A99 /* Cocoa.framework */,
				84D4BBA617D9D37C008D6A99 /* Other Frameworks */,
			);
			name = Frameworks;
			sourceTree = "<group>";
		};
		84D4BBA617D9D37C008D6A99 /* Other Frameworks */ = {
			isa = PBXGroup;
			children = (
				84D4BBA717D9D37C008D6A99 /* AppKit.framework */,
				84D4BBA817D9D37C008D6A99 /* CoreData.framework */,
				84D4BBA917D9D37C008D6A99 /* Foundation.framework */,
			);
			name = "Other Frameworks";
			sourceTree = "<group>";
		};
		84D4BBAA17D9D37C008D6A99 /* SqliteExtractor */ = {
			isa = PBXGroup;
			children = (
				84D4BBE617D9D625008D6A99 /* SqliteExtractor.h */,
				84D4BBB517D9D3C5008D6A99 /* NSString+Inflections.h */,
				84D4BBB617D9D3C5008D6A99 /* NSString+Inflections.m */,
				84D4BBB717D9D3C5008D6A99 /* RegexKitLite.h */,
				84D4BBB817D9D3C5008D6A99 /* RegexKitLite.m */,
				84D4BBB917D9D3C5008D6A99 /* SQCDColumnInfo.h */,
				84D4BBBA17D9D3C5008D6A99 /* SQCDColumnInfo.m */,
				84D4BBBB17D9D3C5008D6A99 /* SQCDDatabaseHelper.h */,
				84D4BBBC17D9D3C5008D6A99 /* SQCDDatabaseHelper.m */,
				84D4BBBD17D9D3C5008D6A99 /* SQCDForeignKeyInfo.h */,
				84D4BBBE17D9D3C5008D6A99 /* SQCDForeignKeyInfo.m */,
				84D4BBBF17D9D3C5008D6A99 /* SQCDTableInfo.h */,
				84D4BBC017D9D3C5008D6A99 /* SQCDTableInfo.m */,
				84D4BBC117D9D3C5008D6A99 /* SQCDTypeMapper.h */,
				84D4BBC217D9D3C5008D6A99 /* SQCDTypeMapper.m */,
				84D4BBAB17D9D37C008D6A99 /* Supporting Files */,
			);
			path = SqliteExtractor;
			sourceTree = "<group>";
		};
		84D4BBAB17D9D37C008D6A99 /* Supporting Files */ = {
			isa = PBXGroup;
			children = (
				84D4BBAC17D9D37C008D6A99 /* SqliteExtractor-Prefix.pch */,
			);
			name = "Supporting Files";
			sourceTree = "<group>";
		};
/* End PBXGroup section */

/* Begin PBXHeadersBuildPhase section */
		84D4BB9F17D9D37C008D6A99 /* Headers */ = {
			isa = PBXHeadersBuildPhase;
			buildActionMask = 2147483647;
			files = (
				84D4BBE817D9D625008D6A99 /* SqliteExtractor.h in Headers */,
				84D4BBC317D9D3C5008D6A99 /* NSString+Inflections.h in Headers */,
				84D4BBC517D9D3C5008D6A99 /* RegexKitLite.h in Headers */,
				84D4BBC717D9D3C5008D6A99 /* SQCDColumnInfo.h in Headers */,
				84D4BBC917D9D3C5008D6A99 /* SQCDDatabaseHelper.h in Headers */,
				84D4BBCB17D9D3C5008D6A99 /* SQCDForeignKeyInfo.h in Headers */,
				84D4BBCD17D9D3C5008D6A99 /* SQCDTableInfo.h in Headers */,
				84D4BBCF17D9D3C5008D6A99 /* SQCDTypeMapper.h in Headers */,
			);
			runOnlyForDeploymentPostprocessing = 0;
		};
/* End PBXHeadersBuildPhase section */

/* Begin PBXNativeTarget section */
		84D4BBA017D9D37C008D6A99 /* SqliteExtractor */ = {
			isa = PBXNativeTarget;
			buildConfigurationList = 84D4BBB217D9D37C008D6A99 /* Build configuration list for PBXNativeTarget "SqliteExtractor" */;
			buildPhases = (
				84D4BB9D17D9D37C008D6A99 /* Sources */,
				84D4BB9E17D9D37C008D6A99 /* Frameworks */,
				84D4BB9F17D9D37C008D6A99 /* Headers */,
			);
			buildRules = (
			);
			dependencies = (
			);
			name = SqliteExtractor;
			productName = SqliteExtractor;
			productReference = 84D4BBA117D9D37C008D6A99 /* libSqliteExtractor.a */;
			productType = "com.apple.product-type.library.static";
		};
/* End PBXNativeTarget section */

/* Begin PBXProject section */
		84D4BB9917D9D37C008D6A99 /* Project object */ = {
			isa = PBXProject;
			attributes = {
				LastUpgradeCheck = 0460;
				ORGANIZATIONNAME = Tapasya;
			};
			buildConfigurationList = 84D4BB9C17D9D37C008D6A99 /* Build configuration list for PBXProject "SqliteExtractor" */;
			compatibilityVersion = "Xcode 3.2";
			developmentRegion = English;
			hasScannedForEncodings = 0;
			knownRegions = (
				en,
			);
			mainGroup = 84D4BB9817D9D37C008D6A99;
			productRefGroup = 84D4BBA217D9D37C008D6A99 /* Products */;
			projectDirPath = "";
			projectRoot = "";
			targets = (
				84D4BBA017D9D37C008D6A99 /* SqliteExtractor */,
			);
		};
/* End PBXProject section */

/* Begin PBXSourcesBuildPhase section */
		84D4BB9D17D9D37C008D6A99 /* Sources */ = {
			isa = PBXSourcesBuildPhase;
			buildActionMask = 2147483647;
			files = (
				84D4BBC417D9D3C5008D6A99 /* NSString+Inflections.m in Sources */,
				84D4BBC617D9D3C5008D6A99 /* RegexKitLite.m in Sources */,
				84D4BBC817D9D3C5008D6A99 /* SQCDColumnInfo.m in Sources */,
				84D4BBCA17D9D3C5008D6A99 /* SQCDDatabaseHelper.m in Sources */,
				84D4BBCC17D9D3C5008D6A99 /* SQCDForeignKeyInfo.m in Sources */,
				84D4BBCE17D9D3C5008D6A99 /* SQCDTableInfo.m in Sources */,
				84D4BBD017D9D3C5008D6A99 /* SQCDTypeMapper.m in Sources */,
			);
			runOnlyForDeploymentPostprocessing = 0;
		};
/* End PBXSourcesBuildPhase section */

/* Begin XCBuildConfiguration section */
		84D4BBB017D9D37C008D6A99 /* Debug */ = {
			isa = XCBuildConfiguration;
			buildSettings = {
				ALWAYS_SEARCH_USER_PATHS = NO;
				ARCHS = "$(ARCHS_STANDARD_64_BIT)";
				CLANG_CXX_LANGUAGE_STANDARD = "gnu++0x";
				CLANG_CXX_LIBRARY = "libc++";
				CLANG_ENABLE_OBJC_ARC = YES;
				CLANG_WARN_CONSTANT_CONVERSION = YES;
				CLANG_WARN_EMPTY_BODY = YES;
				CLANG_WARN_ENUM_CONVERSION = YES;
				CLANG_WARN_INT_CONVERSION = YES;
				CLANG_WARN__DUPLICATE_METHOD_MATCH = YES;
				COPY_PHASE_STRIP = NO;
				GCC_C_LANGUAGE_STANDARD = gnu99;
				GCC_DYNAMIC_NO_PIC = NO;
				GCC_ENABLE_OBJC_EXCEPTIONS = YES;
				GCC_OPTIMIZATION_LEVEL = 0;
				GCC_PREPROCESSOR_DEFINITIONS = (
					"DEBUG=1",
					"$(inherited)",
				);
				GCC_SYMBOLS_PRIVATE_EXTERN = NO;
				GCC_WARN_64_TO_32_BIT_CONVERSION = YES;
				GCC_WARN_ABOUT_RETURN_TYPE = YES;
				GCC_WARN_UNINITIALIZED_AUTOS = YES;
				GCC_WARN_UNUSED_VARIABLE = YES;
				MACOSX_DEPLOYMENT_TARGET = 10.8;
				ONLY_ACTIVE_ARCH = YES;
				SDKROOT = macosx;
			};
			name = Debug;
		};
		84D4BBB117D9D37C008D6A99 /* Release */ = {
			isa = XCBuildConfiguration;
			buildSettings = {
				ALWAYS_SEARCH_USER_PATHS = NO;
				ARCHS = "$(ARCHS_STANDARD_64_BIT)";
				CLANG_CXX_LANGUAGE_STANDARD = "gnu++0x";
				CLANG_CXX_LIBRARY = "libc++";
				CLANG_ENABLE_OBJC_ARC = YES;
				CLANG_WARN_CONSTANT_CONVERSION = YES;
				CLANG_WARN_EMPTY_BODY = YES;
				CLANG_WARN_ENUM_CONVERSION = YES;
				CLANG_WARN_INT_CONVERSION = YES;
				CLANG_WARN__DUPLICATE_METHOD_MATCH = YES;
				COPY_PHASE_STRIP = YES;
				DEBUG_INFORMATION_FORMAT = "dwarf-with-dsym";
				GCC_C_LANGUAGE_STANDARD = gnu99;
				GCC_ENABLE_OBJC_EXCEPTIONS = YES;
				GCC_WARN_64_TO_32_BIT_CONVERSION = YES;
				GCC_WARN_ABOUT_RETURN_TYPE = YES;
				GCC_WARN_UNINITIALIZED_AUTOS = YES;
				GCC_WARN_UNUSED_VARIABLE = YES;
				MACOSX_DEPLOYMENT_TARGET = 10.8;
				SDKROOT = macosx;
			};
			name = Release;
		};
		84D4BBB317D9D37C008D6A99 /* Debug */ = {
			isa = XCBuildConfiguration;
			buildSettings = {
				GCC_PRECOMPILE_PREFIX_HEADER = YES;
				GCC_PREFIX_HEADER = "SqliteExtractor/SqliteExtractor-Prefix.pch";
				PRODUCT_NAME = "$(TARGET_NAME)";
			};
			name = Debug;
		};
		84D4BBB417D9D37C008D6A99 /* Release */ = {
			isa = XCBuildConfiguration;
			buildSettings = {
				GCC_PRECOMPILE_PREFIX_HEADER = YES;
				GCC_PREFIX_HEADER = "SqliteExtractor/SqliteExtractor-Prefix.pch";
				PRODUCT_NAME = "$(TARGET_NAME)";
			};
			name = Release;
		};
/* End XCBuildConfiguration section */

/* Begin XCConfigurationList section */
		84D4BB9C17D9D37C008D6A99 /* Build configuration list for PBXProject "SqliteExtractor" */ = {
			isa = XCConfigurationList;
			buildConfigurations = (
				84D4BBB017D9D37C008D6A99 /* Debug */,
				84D4BBB117D9D37C008D6A99 /* Release */,
			);
			defaultConfigurationIsVisible = 0;
			defaultConfigurationName = Release;
		};
		84D4BBB217D9D37C008D6A99 /* Build configuration list for PBXNativeTarget "SqliteExtractor" */ = {
			isa = XCConfigurationList;
			buildConfigurations = (
				84D4BBB317D9D37C008D6A99 /* Debug */,
				84D4BBB417D9D37C008D6A99 /* Release */,
			);
			defaultConfigurationIsVisible = 0;
			defaultConfigurationName = Release;
		};
/* End XCConfigurationList section */
	};
	rootObject = 84D4BB9917D9D37C008D6A99 /* Project object */;
}
